
Microsoft Visual Studio Solution File, Format Version 12.00
# Visual Studio Version 17
VisualStudioVersion = 17.8.34316.72
MinimumVisualStudioVersion = 10.0.40219.1
Project("{FAE04EC0-301F-11D3-BF4B-00C04F79EFBC}") = "Stoler_LR5", "Stoler_LR5.csproj", "{FF7136F5-ABE5-42BD-BFAB-F7F57C6D3DF7}"
EndProject
Global
	GlobalSection(SolutionConfigurationPlatforms) = preSolution
		Debug|Any CPU = Debug|Any CPU
		Release|Any CPU = Release|Any CPU
	EndGlobalSection
	GlobalSection(ProjectConfigurationPlatforms) = postSolution
		{FF7136F5-ABE5-42BD-BFAB-F7F57C6D3DF7}.Debug|Any CPU.ActiveCfg = Debug|Any CPU
		{FF7136F5-ABE5-42BD-BFAB-F7F57C6D3DF7}.Debug|Any CPU.Build.0 = Debug|Any CPU
		{FF7136F5-ABE5-42BD-BFAB-F7F57C6D3DF7}.Release|Any CPU.ActiveCfg = Release|Any CPU
		{FF7136F5-ABE5-42BD-BFAB-F7F57C6D3DF7}.Release|Any CPU.Build.0 = Release|Any CPU
	EndGlobalSection
	GlobalSection(SolutionProperties) = preSolution
		HideSolutionNode = FALSE
	EndGlobalSection
	GlobalSection(ExtensibilityGlobals) = postSolution
		SolutionGuid = {856945ED-39B0-4134-BF50-FF2C55577BF2}
	EndGlobalSection
EndGlobal
